// !$*UTF8*$!
{
	archiveVersion = 1;
	classes = {
	};
	objectVersion = 56;
	objects = {

/* Begin PBXBuildFile section */
		B847DFF02A4A139E00D0F670 /* GoogleService-Info.plist in Resources */ = {isa = PBXBuildFile; fileRef = B847DFEF2A4A139E00D0F670 /* GoogleService-Info.plist */; };
		B847DFF32A4A1BCC00D0F670 /* TextFieldWithPlaceholder.swift in Sources */ = {isa = PBXBuildFile; fileRef = B847DFF22A4A1BCC00D0F670 /* TextFieldWithPlaceholder.swift */; };
		B859AB052A49BF2C00535481 /* Kingfisher in Frameworks */ = {isa = PBXBuildFile; productRef = B859AB042A49BF2C00535481 /* Kingfisher */; };
		B859AB082A49C56C00535481 /* AppleCredentialDisplayName.swift in Sources */ = {isa = PBXBuildFile; fileRef = B859AB072A49C56C00535481 /* AppleCredentialDisplayName.swift */; };
		B859AB0C2A49CF4B00535481 /* LoggedView.swift in Sources */ = {isa = PBXBuildFile; fileRef = B859AB0B2A49CF4B00535481 /* LoggedView.swift */; };
		B859AB0E2A49CF6300535481 /* CurrentUser.swift in Sources */ = {isa = PBXBuildFile; fileRef = B859AB0D2A49CF6300535481 /* CurrentUser.swift */; };
		B859AB112A49E49E00535481 /* LoggedViewModel.swift in Sources */ = {isa = PBXBuildFile; fileRef = B859AB102A49E49E00535481 /* LoggedViewModel.swift */; };
		B8A08D982A49019E00BA5A3A /* AppDelegate.swift in Sources */ = {isa = PBXBuildFile; fileRef = B8A08D972A49019E00BA5A3A /* AppDelegate.swift */; };
		B8A08D9B2A4904D300BA5A3A /* FirebaseService in Frameworks */ = {isa = PBXBuildFile; productRef = B8A08D9A2A4904D300BA5A3A /* FirebaseService */; };
		B8A08DA12A4940E300BA5A3A /* SignInViewModel.swift in Sources */ = {isa = PBXBuildFile; fileRef = B8A08DA02A4940E300BA5A3A /* SignInViewModel.swift */; };
		B8AB84112A48EAD900B9C3AB /* Apple_Signin_TestApp.swift in Sources */ = {isa = PBXBuildFile; fileRef = B8AB84102A48EAD900B9C3AB /* Apple_Signin_TestApp.swift */; };
		B8AB84132A48EAD900B9C3AB /* SignInView.swift in Sources */ = {isa = PBXBuildFile; fileRef = B8AB84122A48EAD900B9C3AB /* SignInView.swift */; };
		B8AB84152A48EADB00B9C3AB /* Assets.xcassets in Resources */ = {isa = PBXBuildFile; fileRef = B8AB84142A48EADB00B9C3AB /* Assets.xcassets */; };
		B8AB84182A48EADB00B9C3AB /* Preview Assets.xcassets in Resources */ = {isa = PBXBuildFile; fileRef = B8AB84172A48EADB00B9C3AB /* Preview Assets.xcassets */; };
/* End PBXBuildFile section */

/* Begin PBXFileReference section */
		B847DFEF2A4A139E00D0F670 /* GoogleService-Info.plist */ = {isa = PBXFileReference; fileEncoding = 4; lastKnownFileType = text.plist.xml; path = "GoogleService-Info.plist"; sourceTree = "<group>"; };
		B847DFF22A4A1BCC00D0F670 /* TextFieldWithPlaceholder.swift */ = {isa = PBXFileReference; lastKnownFileType = sourcecode.swift; path = TextFieldWithPlaceholder.swift; sourceTree = "<group>"; };
		B859AB072A49C56C00535481 /* AppleCredentialDisplayName.swift */ = {isa = PBXFileReference; lastKnownFileType = sourcecode.swift; path = AppleCredentialDisplayName.swift; sourceTree = "<group>"; };
		B859AB0B2A49CF4B00535481 /* LoggedView.swift */ = {isa = PBXFileReference; lastKnownFileType = sourcecode.swift; path = LoggedView.swift; sourceTree = "<group>"; };
		B859AB0D2A49CF6300535481 /* CurrentUser.swift */ = {isa = PBXFileReference; lastKnownFileType = sourcecode.swift; path = CurrentUser.swift; sourceTree = "<group>"; };
		B859AB102A49E49E00535481 /* LoggedViewModel.swift */ = {isa = PBXFileReference; lastKnownFileType = sourcecode.swift; path = LoggedViewModel.swift; sourceTree = "<group>"; };
		B8A08D972A49019E00BA5A3A /* AppDelegate.swift */ = {isa = PBXFileReference; lastKnownFileType = sourcecode.swift; path = AppDelegate.swift; sourceTree = "<group>"; };
		B8A08D9E2A490E1300BA5A3A /* Apple_Signin_Test.entitlements */ = {isa = PBXFileReference; lastKnownFileType = text.plist.entitlements; path = Apple_Signin_Test.entitlements; sourceTree = "<group>"; };
		B8A08DA02A4940E300BA5A3A /* SignInViewModel.swift */ = {isa = PBXFileReference; lastKnownFileType = sourcecode.swift; path = SignInViewModel.swift; sourceTree = "<group>"; };
		B8AB840D2A48EAD900B9C3AB /* Apple_Signin_Test.app */ = {isa = PBXFileReference; explicitFileType = wrapper.application; includeInIndex = 0; path = Apple_Signin_Test.app; sourceTree = BUILT_PRODUCTS_DIR; };
		B8AB84102A48EAD900B9C3AB /* Apple_Signin_TestApp.swift */ = {isa = PBXFileReference; lastKnownFileType = sourcecode.swift; path = Apple_Signin_TestApp.swift; sourceTree = "<group>"; };
		B8AB84122A48EAD900B9C3AB /* SignInView.swift */ = {isa = PBXFileReference; lastKnownFileType = sourcecode.swift; path = SignInView.swift; sourceTree = "<group>"; };
		B8AB84142A48EADB00B9C3AB /* Assets.xcassets */ = {isa = PBXFileReference; lastKnownFileType = folder.assetcatalog; path = Assets.xcassets; sourceTree = "<group>"; };
		B8AB84172A48EADB00B9C3AB /* Preview Assets.xcassets */ = {isa = PBXFileReference; lastKnownFileType = folder.assetcatalog; path = "Preview Assets.xcassets"; sourceTree = "<group>"; };
/* End PBXFileReference section */

/* Begin PBXFrameworksBuildPhase section */
		B8AB840A2A48EAD900B9C3AB /* Frameworks */ = {
			isa = PBXFrameworksBuildPhase;
			buildActionMask = 2147483647;
			files = (
				B859AB052A49BF2C00535481 /* Kingfisher in Frameworks */,
				B8A08D9B2A4904D300BA5A3A /* FirebaseService in Frameworks */,
			);
			runOnlyForDeploymentPostprocessing = 0;
		};
/* End PBXFrameworksBuildPhase section */

/* Begin PBXGroup section */
		B847DFF12A4A1AF800D0F670 /* Components */ = {
			isa = PBXGroup;
			children = (
				B847DFF22A4A1BCC00D0F670 /* TextFieldWithPlaceholder.swift */,
			);
			path = Components;
			sourceTree = "<group>";
		};
		B859AB062A49C55D00535481 /* Extensions */ = {
			isa = PBXGroup;
			children = (
				B859AB072A49C56C00535481 /* AppleCredentialDisplayName.swift */,
			);
			path = Extensions;
			sourceTree = "<group>";
		};
		B859AB092A49CF2300535481 /* Views */ = {
			isa = PBXGroup;
			children = (
				B859AB0A2A49CF2A00535481 /* LoggedView */,
				B8A08D9F2A4940CE00BA5A3A /* SignInView */,
			);
			path = Views;
			sourceTree = "<group>";
		};
		B859AB0A2A49CF2A00535481 /* LoggedView */ = {
			isa = PBXGroup;
			children = (
				B859AB0B2A49CF4B00535481 /* LoggedView.swift */,
				B859AB102A49E49E00535481 /* LoggedViewModel.swift */,
			);
			path = LoggedView;
			sourceTree = "<group>";
		};
		B859AB0F2A49D36B00535481 /* Authentication */ = {
			isa = PBXGroup;
			children = (
				B859AB0D2A49CF6300535481 /* CurrentUser.swift */,
			);
			path = Authentication;
			sourceTree = "<group>";
		};
		B8A08D962A49019000BA5A3A /* Core */ = {
			isa = PBXGroup;
			children = (
				B8A08D972A49019E00BA5A3A /* AppDelegate.swift */,
				B8AB84102A48EAD900B9C3AB /* Apple_Signin_TestApp.swift */,
			);
			path = Core;
			sourceTree = "<group>";
		};
		B8A08D9F2A4940CE00BA5A3A /* SignInView */ = {
			isa = PBXGroup;
			children = (
				B8AB84122A48EAD900B9C3AB /* SignInView.swift */,
				B8A08DA02A4940E300BA5A3A /* SignInViewModel.swift */,
			);
			path = SignInView;
			sourceTree = "<group>";
		};
		B8AB84042A48EAD900B9C3AB = {
			isa = PBXGroup;
			children = (
				B8AB840F2A48EAD900B9C3AB /* Apple_Signin_Test */,
				B8AB840E2A48EAD900B9C3AB /* Products */,
			);
			sourceTree = "<group>";
		};
		B8AB840E2A48EAD900B9C3AB /* Products */ = {
			isa = PBXGroup;
			children = (
				B8AB840D2A48EAD900B9C3AB /* Apple_Signin_Test.app */,
			);
			name = Products;
			sourceTree = "<group>";
		};
		B8AB840F2A48EAD900B9C3AB /* Apple_Signin_Test */ = {
			isa = PBXGroup;
			children = (
				B8A08D9E2A490E1300BA5A3A /* Apple_Signin_Test.entitlements */,
				B8A08D962A49019000BA5A3A /* Core */,
				B847DFF12A4A1AF800D0F670 /* Components */,
				B859AB092A49CF2300535481 /* Views */,
				B859AB062A49C55D00535481 /* Extensions */,
				B8CC863E2A48FB14000DB347 /* Firebase */,
				B8AB84142A48EADB00B9C3AB /* Assets.xcassets */,
				B8AB84162A48EADB00B9C3AB /* Preview Content */,
			);
			path = Apple_Signin_Test;
			sourceTree = "<group>";
		};
		B8AB84162A48EADB00B9C3AB /* Preview Content */ = {
			isa = PBXGroup;
			children = (
				B8AB84172A48EADB00B9C3AB /* Preview Assets.xcassets */,
			);
			path = "Preview Content";
			sourceTree = "<group>";
		};
		B8CC863E2A48FB14000DB347 /* Firebase */ = {
			isa = PBXGroup;
			children = (
				B859AB0F2A49D36B00535481 /* Authentication */,
				B8CC863F2A48FB1F000DB347 /* GoogleServices */,
			);
			path = Firebase;
			sourceTree = "<group>";
		};
		B8CC863F2A48FB1F000DB347 /* GoogleServices */ = {
			isa = PBXGroup;
			children = (
				B847DFEF2A4A139E00D0F670 /* GoogleService-Info.plist */,
			);
			path = GoogleServices;
			sourceTree = "<group>";
		};
/* End PBXGroup section */

/* Begin PBXNativeTarget section */
		B8AB840C2A48EAD900B9C3AB /* Apple_Signin_Test */ = {
			isa = PBXNativeTarget;
			buildConfigurationList = B8AB841B2A48EADB00B9C3AB /* Build configuration list for PBXNativeTarget "Apple_Signin_Test" */;
			buildPhases = (
				B8AB84092A48EAD900B9C3AB /* Sources */,
				B8AB840A2A48EAD900B9C3AB /* Frameworks */,
				B8AB840B2A48EAD900B9C3AB /* Resources */,
			);
			buildRules = (
			);
			dependencies = (
			);
			name = Apple_Signin_Test;
			packageProductDependencies = (
				B8A08D9A2A4904D300BA5A3A /* FirebaseService */,
				B859AB042A49BF2C00535481 /* Kingfisher */,
			);
			productName = "Apple Signin Test";
			productReference = B8AB840D2A48EAD900B9C3AB /* Apple_Signin_Test.app */;
			productType = "com.apple.product-type.application";
		};
/* End PBXNativeTarget section */

/* Begin PBXProject section */
		B8AB84052A48EAD900B9C3AB /* Project object */ = {
			isa = PBXProject;
			attributes = {
				BuildIndependentTargetsInParallel = 1;
				LastSwiftUpdateCheck = 1430;
				LastUpgradeCheck = 1430;
				TargetAttributes = {
					B8AB840C2A48EAD900B9C3AB = {
						CreatedOnToolsVersion = 14.3.1;
					};
				};
			};
			buildConfigurationList = B8AB84082A48EAD900B9C3AB /* Build configuration list for PBXProject "Apple_Signin_Test" */;
			compatibilityVersion = "Xcode 14.0";
			developmentRegion = en;
			hasScannedForEncodings = 0;
			knownRegions = (
				en,
				Base,
			);
			mainGroup = B8AB84042A48EAD900B9C3AB;
			packageReferences = (
				B8A08D992A4904D300BA5A3A /* XCRemoteSwiftPackageReference "FirebaseService" */,
				B859AB032A49BF2C00535481 /* XCRemoteSwiftPackageReference "Kingfisher" */,
			);
			productRefGroup = B8AB840E2A48EAD900B9C3AB /* Products */;
			projectDirPath = "";
			projectRoot = "";
			targets = (
				B8AB840C2A48EAD900B9C3AB /* Apple_Signin_Test */,
			);
		};
/* End PBXProject section */

/* Begin PBXResourcesBuildPhase section */
		B8AB840B2A48EAD900B9C3AB /* Resources */ = {
			isa = PBXResourcesBuildPhase;
			buildActionMask = 2147483647;
			files = (
				B8AB84182A48EADB00B9C3AB /* Preview Assets.xcassets in Resources */,
				B8AB84152A48EADB00B9C3AB /* Assets.xcassets in Resources */,
				B847DFF02A4A139E00D0F670 /* GoogleService-Info.plist in Resources */,
			);
			runOnlyForDeploymentPostprocessing = 0;
		};
/* End PBXResourcesBuildPhase section */

/* Begin PBXSourcesBuildPhase section */
		B8AB84092A48EAD900B9C3AB /* Sources */ = {
			isa = PBXSourcesBuildPhase;
			buildActionMask = 2147483647;
			files = (
				B8A08DA12A4940E300BA5A3A /* SignInViewModel.swift in Sources */,
				B8A08D982A49019E00BA5A3A /* AppDelegate.swift in Sources */,
				B8AB84132A48EAD900B9C3AB /* SignInView.swift in Sources */,
				B847DFF32A4A1BCC00D0F670 /* TextFieldWithPlaceholder.swift in Sources */,
				B859AB082A49C56C00535481 /* AppleCredentialDisplayName.swift in Sources */,
				B859AB0C2A49CF4B00535481 /* LoggedView.swift in Sources */,
				B859AB0E2A49CF6300535481 /* CurrentUser.swift in Sources */,
				B859AB112A49E49E00535481 /* LoggedViewModel.swift in Sources */,
				B8AB84112A48EAD900B9C3AB /* Apple_Signin_TestApp.swift in Sources */,
			);
			runOnlyForDeploymentPostprocessing = 0;
		};
/* End PBXSourcesBuildPhase section */

/* Begin XCBuildConfiguration section */
		B8AB84192A48EADB00B9C3AB /* Debug */ = {
			isa = XCBuildConfiguration;
			buildSettings = {
				ALWAYS_SEARCH_USER_PATHS = NO;
				CLANG_ANALYZER_NONNULL = YES;
				CLANG_ANALYZER_NUMBER_OBJECT_CONVERSION = YES_AGGRESSIVE;
				CLANG_CXX_LANGUAGE_STANDARD = "gnu++20";
				CLANG_ENABLE_MODULES = YES;
				CLANG_ENABLE_OBJC_ARC = YES;
				CLANG_ENABLE_OBJC_WEAK = YES;
				CLANG_WARN_BLOCK_CAPTURE_AUTORELEASING = YES;
				CLANG_WARN_BOOL_CONVERSION = YES;
				CLANG_WARN_COMMA = YES;
				CLANG_WARN_CONSTANT_CONVERSION = YES;
				CLANG_WARN_DEPRECATED_OBJC_IMPLEMENTATIONS = YES;
				CLANG_WARN_DIRECT_OBJC_ISA_USAGE = YES_ERROR;
				CLANG_WARN_DOCUMENTATION_COMMENTS = YES;
				CLANG_WARN_EMPTY_BODY = YES;
				CLANG_WARN_ENUM_CONVERSION = YES;
				CLANG_WARN_INFINITE_RECURSION = YES;
				CLANG_WARN_INT_CONVERSION = YES;
				CLANG_WARN_NON_LITERAL_NULL_CONVERSION = YES;
				CLANG_WARN_OBJC_IMPLICIT_RETAIN_SELF = YES;
				CLANG_WARN_OBJC_LITERAL_CONVERSION = YES;
				CLANG_WARN_OBJC_ROOT_CLASS = YES_ERROR;
				CLANG_WARN_QUOTED_INCLUDE_IN_FRAMEWORK_HEADER = YES;
				CLANG_WARN_RANGE_LOOP_ANALYSIS = YES;
				CLANG_WARN_STRICT_PROTOTYPES = YES;
				CLANG_WARN_SUSPICIOUS_MOVE = YES;
				CLANG_WARN_UNGUARDED_AVAILABILITY = YES_AGGRESSIVE;
				CLANG_WARN_UNREACHABLE_CODE = YES;
				CLANG_WARN__DUPLICATE_METHOD_MATCH = YES;
				COPY_PHASE_STRIP = NO;
				DEBUG_INFORMATION_FORMAT = dwarf;
				ENABLE_STRICT_OBJC_MSGSEND = YES;
				ENABLE_TESTABILITY = YES;
				GCC_C_LANGUAGE_STANDARD = gnu11;
				GCC_DYNAMIC_NO_PIC = NO;
				GCC_NO_COMMON_BLOCKS = YES;
				GCC_OPTIMIZATION_LEVEL = 0;
				GCC_PREPROCESSOR_DEFINITIONS = (
					"DEBUG=1",
					"$(inherited)",
				);
				GCC_WARN_64_TO_32_BIT_CONVERSION = YES;
				GCC_WARN_ABOUT_RETURN_TYPE = YES_ERROR;
				GCC_WARN_UNDECLARED_SELECTOR = YES;
				GCC_WARN_UNINITIALIZED_AUTOS = YES_AGGRESSIVE;
				GCC_WARN_UNUSED_FUNCTION = YES;
				GCC_WARN_UNUSED_VARIABLE = YES;
				IPHONEOS_DEPLOYMENT_TARGET = 16.4;
				MTL_ENABLE_DEBUG_INFO = INCLUDE_SOURCE;
				MTL_FAST_MATH = YES;
				ONLY_ACTIVE_ARCH = YES;
				SDKROOT = iphoneos;
				SWIFT_ACTIVE_COMPILATION_CONDITIONS = DEBUG;
				SWIFT_OPTIMIZATION_LEVEL = "-Onone";
			};
			name = Debug;
		};
		B8AB841A2A48EADB00B9C3AB /* Release */ = {
			isa = XCBuildConfiguration;
			buildSettings = {
				ALWAYS_SEARCH_USER_PATHS = NO;
				CLANG_ANALYZER_NONNULL = YES;
				CLANG_ANALYZER_NUMBER_OBJECT_CONVERSION = YES_AGGRESSIVE;
				CLANG_CXX_LANGUAGE_STANDARD = "gnu++20";
				CLANG_ENABLE_MODULES = YES;
				CLANG_ENABLE_OBJC_ARC = YES;
				CLANG_ENABLE_OBJC_WEAK = YES;
				CLANG_WARN_BLOCK_CAPTURE_AUTORELEASING = YES;
				CLANG_WARN_BOOL_CONVERSION = YES;
				CLANG_WARN_COMMA = YES;
				CLANG_WARN_CONSTANT_CONVERSION = YES;
				CLANG_WARN_DEPRECATED_OBJC_IMPLEMENTATIONS = YES;
				CLANG_WARN_DIRECT_OBJC_ISA_USAGE = YES_ERROR;
				CLANG_WARN_DOCUMENTATION_COMMENTS = YES;
				CLANG_WARN_EMPTY_BODY = YES;
				CLANG_WARN_ENUM_CONVERSION = YES;
				CLANG_WARN_INFINITE_RECURSION = YES;
				CLANG_WARN_INT_CONVERSION = YES;
				CLANG_WARN_NON_LITERAL_NULL_CONVERSION = YES;
				CLANG_WARN_OBJC_IMPLICIT_RETAIN_SELF = YES;
				CLANG_WARN_OBJC_LITERAL_CONVERSION = YES;
				CLANG_WARN_OBJC_ROOT_CLASS = YES_ERROR;
				CLANG_WARN_QUOTED_INCLUDE_IN_FRAMEWORK_HEADER = YES;
				CLANG_WARN_RANGE_LOOP_ANALYSIS = YES;
				CLANG_WARN_STRICT_PROTOTYPES = YES;
				CLANG_WARN_SUSPICIOUS_MOVE = YES;
				CLANG_WARN_UNGUARDED_AVAILABILITY = YES_AGGRESSIVE;
				CLANG_WARN_UNREACHABLE_CODE = YES;
				CLANG_WARN__DUPLICATE_METHOD_MATCH = YES;
				COPY_PHASE_STRIP = NO;
				DEBUG_INFORMATION_FORMAT = "dwarf-with-dsym";
				ENABLE_NS_ASSERTIONS = NO;
				ENABLE_STRICT_OBJC_MSGSEND = YES;
				GCC_C_LANGUAGE_STANDARD = gnu11;
				GCC_NO_COMMON_BLOCKS = YES;
				GCC_WARN_64_TO_32_BIT_CONVERSION = YES;
				GCC_WARN_ABOUT_RETURN_TYPE = YES_ERROR;
				GCC_WARN_UNDECLARED_SELECTOR = YES;
				GCC_WARN_UNINITIALIZED_AUTOS = YES_AGGRESSIVE;
				GCC_WARN_UNUSED_FUNCTION = YES;
				GCC_WARN_UNUSED_VARIABLE = YES;
				IPHONEOS_DEPLOYMENT_TARGET = 16.4;
				MTL_ENABLE_DEBUG_INFO = NO;
				MTL_FAST_MATH = YES;
				SDKROOT = iphoneos;
				SWIFT_COMPILATION_MODE = wholemodule;
				SWIFT_OPTIMIZATION_LEVEL = "-O";
				VALIDATE_PRODUCT = YES;
			};
			name = Release;
		};
		B8AB841C2A48EADB00B9C3AB /* Debug */ = {
			isa = XCBuildConfiguration;
			buildSettings = {
				ASSETCATALOG_COMPILER_APPICON_NAME = AppIcon;
				ASSETCATALOG_COMPILER_GLOBAL_ACCENT_COLOR_NAME = AccentColor;
				CODE_SIGN_ENTITLEMENTS = Apple_Signin_Test/Apple_Signin_Test.entitlements;
				CODE_SIGN_STYLE = Automatic;
				CURRENT_PROJECT_VERSION = 1;
				DEVELOPMENT_ASSET_PATHS = "\"Apple_Signin_Test/Preview Content\"";
				DEVELOPMENT_TEAM = 9UCZ959GPV;
				ENABLE_PREVIEWS = YES;
				GENERATE_INFOPLIST_FILE = YES;
				INFOPLIST_KEY_UIApplicationSceneManifest_Generation = YES;
				INFOPLIST_KEY_UIApplicationSupportsIndirectInputEvents = YES;
				INFOPLIST_KEY_UILaunchScreen_Generation = YES;
				INFOPLIST_KEY_UISupportedInterfaceOrientations_iPad = "UIInterfaceOrientationPortrait UIInterfaceOrientationPortraitUpsideDown UIInterfaceOrientationLandscapeLeft UIInterfaceOrientationLandscapeRight";
				INFOPLIST_KEY_UISupportedInterfaceOrientations_iPhone = "UIInterfaceOrientationPortrait UIInterfaceOrientationLandscapeLeft UIInterfaceOrientationLandscapeRight";
				LD_RUNPATH_SEARCH_PATHS = (
					"$(inherited)",
					"@executable_path/Frameworks",
				);
				MARKETING_VERSION = 1.0;
				PRODUCT_BUNDLE_IDENTIFIER = "gabriel.Apple-Signin-Test";
				PRODUCT_NAME = "$(TARGET_NAME)";
				SWIFT_EMIT_LOC_STRINGS = YES;
				SWIFT_VERSION = 5.0;
				TARGETED_DEVICE_FAMILY = "1,2";
			};
			name = Debug;
		};
		B8AB841D2A48EADB00B9C3AB /* Release */ = {
			isa = XCBuildConfiguration;
			buildSettings = {
				ASSETCATALOG_COMPILER_APPICON_NAME = AppIcon;
				ASSETCATALOG_COMPILER_GLOBAL_ACCENT_COLOR_NAME = AccentColor;
				CODE_SIGN_ENTITLEMENTS = Apple_Signin_Test/Apple_Signin_Test.entitlements;
				CODE_SIGN_STYLE = Automatic;
				CURRENT_PROJECT_VERSION = 1;
				DEVELOPMENT_ASSET_PATHS = "\"Apple_Signin_Test/Preview Content\"";
				DEVELOPMENT_TEAM = 9UCZ959GPV;
				ENABLE_PREVIEWS = YES;
				GENERATE_INFOPLIST_FILE = YES;
				INFOPLIST_KEY_UIApplicationSceneManifest_Generation = YES;
				INFOPLIST_KEY_UIApplicationSupportsIndirectInputEvents = YES;
				INFOPLIST_KEY_UILaunchScreen_Generation = YES;
				INFOPLIST_KEY_UISupportedInterfaceOrientations_iPad = "UIInterfaceOrientationPortrait UIInterfaceOrientationPortraitUpsideDown UIInterfaceOrientationLandscapeLeft UIInterfaceOrientationLandscapeRight";
				INFOPLIST_KEY_UISupportedInterfaceOrientations_iPhone = "UIInterfaceOrientationPortrait UIInterfaceOrientationLandscapeLeft UIInterfaceOrientationLandscapeRight";
				LD_RUNPATH_SEARCH_PATHS = (
					"$(inherited)",
					"@executable_path/Frameworks",
				);
				MARKETING_VERSION = 1.0;
				PRODUCT_BUNDLE_IDENTIFIER = "gabriel.Apple-Signin-Test";
				PRODUCT_NAME = "$(TARGET_NAME)";
				SWIFT_EMIT_LOC_STRINGS = YES;
				SWIFT_VERSION = 5.0;
				TARGETED_DEVICE_FAMILY = "1,2";
			};
			name = Release;
		};
/* End XCBuildConfiguration section */

/* Begin XCConfigurationList section */
		B8AB84082A48EAD900B9C3AB /* Build configuration list for PBXProject "Apple_Signin_Test" */ = {
			isa = XCConfigurationList;
			buildConfigurations = (
				B8AB84192A48EADB00B9C3AB /* Debug */,
				B8AB841A2A48EADB00B9C3AB /* Release */,
			);
			defaultConfigurationIsVisible = 0;
			defaultConfigurationName = Release;
		};
		B8AB841B2A48EADB00B9C3AB /* Build configuration list for PBXNativeTarget "Apple_Signin_Test" */ = {
			isa = XCConfigurationList;
			buildConfigurations = (
				B8AB841C2A48EADB00B9C3AB /* Debug */,
				B8AB841D2A48EADB00B9C3AB /* Release */,
			);
			defaultConfigurationIsVisible = 0;
			defaultConfigurationName = Release;
		};
/* End XCConfigurationList section */

/* Begin XCRemoteSwiftPackageReference section */
		B859AB032A49BF2C00535481 /* XCRemoteSwiftPackageReference "Kingfisher" */ = {
			isa = XCRemoteSwiftPackageReference;
			repositoryURL = "https://github.com/onevcat/Kingfisher.git";
			requirement = {
				kind = upToNextMajorVersion;
				minimumVersion = 7.0.0;
			};
		};
		B8A08D992A4904D300BA5A3A /* XCRemoteSwiftPackageReference "FirebaseService" */ = {
			isa = XCRemoteSwiftPackageReference;
			repositoryURL = "https://github.com/rebeloper/FirebaseService";
			requirement = {
				kind = upToNextMajorVersion;
				minimumVersion = 5.0.0;
			};
		};
/* End XCRemoteSwiftPackageReference section */

/* Begin XCSwiftPackageProductDependency section */
		B859AB042A49BF2C00535481 /* Kingfisher */ = {
			isa = XCSwiftPackageProductDependency;
			package = B859AB032A49BF2C00535481 /* XCRemoteSwiftPackageReference "Kingfisher" */;
			productName = Kingfisher;
		};
		B8A08D9A2A4904D300BA5A3A /* FirebaseService */ = {
			isa = XCSwiftPackageProductDependency;
			package = B8A08D992A4904D300BA5A3A /* XCRemoteSwiftPackageReference "FirebaseService" */;
			productName = FirebaseService;
		};
/* End XCSwiftPackageProductDependency section */
	};
	rootObject = B8AB84052A48EAD900B9C3AB /* Project object */;
}
